apiVersion: homelab.rafaribe.com/v1alpha1
kind: VolSyncUnlock
metadata:
  labels:
    app.kubernetes.io/name: volsyncunlock
    app.kubernetes.io/instance: volsyncunlock-sample
    app.kubernetes.io/part-of: homelab-assistant
    app.kubernetes.io/managed-by: kustomize
    app.kubernetes.io/created-by: homelab-assistant
  name: volsyncunlock-sample
spec:
  appName: "prowlarr"
  namespace: "media"
  objectName: "prowlarr-nfs"
  repositorySecret: "prowlarr-restic-secret"
  forceUnlock: false
  ttlSecondsAfterFinished: 3600
